
Microsoft Visual Studio Solution File, Format Version 12.00
# Visual Studio Version 16
VisualStudioVersion = 16.0.32228.343
MinimumVisualStudioVersion = 10.0.40219.1
Project("{2150E333-8FDC-42A3-9474-1A3956D46DE8}") = "Services", "Services", "{F7957427-578F-4A9D-8931-7D50F606FA42}"
EndProject
Project("{2150E333-8FDC-42A3-9474-1A3956D46DE8}") = "Catalog", "Catalog", "{0A1C6A3C-B469-430C-A6DD-45F38E6C1D0E}"
EndProject
Project("{FAE04EC0-301F-11D3-BF4B-00C04F79EFBC}") = "Catalog.API", "Services\Catalog\Catalog.API\Catalog.API.csproj", "{A920CA57-95FC-484C-AF00-BBCE9A5DC263}"
EndProject
Global
	GlobalSection(SolutionConfigurationPlatforms) = preSolution
		Debug|Any CPU = Debug|Any CPU
		Release|Any CPU = Release|Any CPU
	EndGlobalSection
	GlobalSection(ProjectConfigurationPlatforms) = postSolution
		{A920CA57-95FC-484C-AF00-BBCE9A5DC263}.Debug|Any CPU.ActiveCfg = Debug|Any CPU
		{A920CA57-95FC-484C-AF00-BBCE9A5DC263}.Debug|Any CPU.Build.0 = Debug|Any CPU
		{A920CA57-95FC-484C-AF00-BBCE9A5DC263}.Release|Any CPU.ActiveCfg = Release|Any CPU
		{A920CA57-95FC-484C-AF00-BBCE9A5DC263}.Release|Any CPU.Build.0 = Release|Any CPU
	EndGlobalSection
	GlobalSection(SolutionProperties) = preSolution
		HideSolutionNode = FALSE
	EndGlobalSection
	GlobalSection(NestedProjects) = preSolution
		{0A1C6A3C-B469-430C-A6DD-45F38E6C1D0E} = {F7957427-578F-4A9D-8931-7D50F606FA42}
		{A920CA57-95FC-484C-AF00-BBCE9A5DC263} = {0A1C6A3C-B469-430C-A6DD-45F38E6C1D0E}
	EndGlobalSection
	GlobalSection(ExtensibilityGlobals) = postSolution
		SolutionGuid = {8A21D185-E58B-483F-90C9-F6BDE1522F23}
	EndGlobalSection
EndGlobal
