
Microsoft Visual Studio Solution File, Format Version 12.00
# Visual Studio Version 16
VisualStudioVersion = 16.0.32228.343
MinimumVisualStudioVersion = 10.0.40219.1
Project("{2150E333-8FDC-42A3-9474-1A3956D46DE8}") = "Services", "Services", "{F7957427-578F-4A9D-8931-7D50F606FA42}"
EndProject
Project("{2150E333-8FDC-42A3-9474-1A3956D46DE8}") = "Catalog", "Catalog", "{0A1C6A3C-B469-430C-A6DD-45F38E6C1D0E}"
EndProject
Project("{9A19103F-16F7-4668-BE54-9A1E7A4F7556}") = "Catalog.API", "Services\Catalog\Catalog.API\Catalog.API.csproj", "{A920CA57-95FC-484C-AF00-BBCE9A5DC263}"
EndProject
Project("{E53339B2-1760-4266-BCC7-CA923CBCF16C}") = "docker-compose", "docker-compose.dcproj", "{4AC90F33-8EF0-4F20-A72C-DE6984238F43}"
EndProject
Project("{2150E333-8FDC-42A3-9474-1A3956D46DE8}") = "Basket", "Basket", "{5092ADDA-82EE-40BC-BBC7-E9E9ECA768C2}"
EndProject
Project("{9A19103F-16F7-4668-BE54-9A1E7A4F7556}") = "Basket.API", "Services\Basket\Basket.API\Basket.API.csproj", "{AF84E2B8-1DC2-4CE9-A519-D8842310D79A}"
EndProject
Project("{2150E333-8FDC-42A3-9474-1A3956D46DE8}") = "Discount", "Discount", "{BC772295-E05B-46B4-8BDE-D1FD52972894}"
EndProject
Project("{9A19103F-16F7-4668-BE54-9A1E7A4F7556}") = "Discount.API", "Services\Discount\Discount.API\Discount.API.csproj", "{C4344129-93A5-4703-9E37-8E46A2802898}"
EndProject
Project("{9A19103F-16F7-4668-BE54-9A1E7A4F7556}") = "Discount.Grpc", "Services\Discount\Discount.Grpc\Discount.Grpc.csproj", "{A5E93964-EEFC-4C8E-90C5-0484871789AA}"
EndProject
Project("{2150E333-8FDC-42A3-9474-1A3956D46DE8}") = "Ordering", "Ordering", "{1CB02329-0626-4225-BC55-EDCBA11DECA7}"
EndProject
Project("{9A19103F-16F7-4668-BE54-9A1E7A4F7556}") = "Ordering.API", "Services\Ordering\Ordering.API\Ordering.API.csproj", "{697E26CB-9CE5-44FF-B418-F605BE7E6CA7}"
EndProject
Project("{9A19103F-16F7-4668-BE54-9A1E7A4F7556}") = "Ordering.Domain", "Services\Ordering\Ordering.Domain\Ordering.Domain.csproj", "{478DBF78-E2C6-42D4-93DA-FFF4A3EFECB3}"
EndProject
Project("{9A19103F-16F7-4668-BE54-9A1E7A4F7556}") = "Ordering.Application", "Services\Ordering\Ordering.Application\Ordering.Application.csproj", "{E9B3B711-16E2-412A-943B-29BBED4D2E42}"
EndProject
Project("{9A19103F-16F7-4668-BE54-9A1E7A4F7556}") = "Ordering.Infrastructure", "Services\Ordering\Ordering.Infrastructure\Ordering.Infrastructure.csproj", "{0CD68CFA-EFD1-45DA-9C11-C96AF3A2623C}"
EndProject
Project("{2150E333-8FDC-42A3-9474-1A3956D46DE8}") = "BuildingBlocks", "BuildingBlocks", "{599292C6-F51E-4556-A6EE-ADD08CDF6195}"
EndProject
Project("{FAE04EC0-301F-11D3-BF4B-00C04F79EFBC}") = "EventBus.Message", "BuildingBlocks\EventBus.Message\EventBus.Message.csproj", "{80A790E0-098A-44CE-90EC-83A365EEE78F}"
EndProject
Global
	GlobalSection(SolutionConfigurationPlatforms) = preSolution
		Debug|Any CPU = Debug|Any CPU
		Release|Any CPU = Release|Any CPU
	EndGlobalSection
	GlobalSection(ProjectConfigurationPlatforms) = postSolution
		{A920CA57-95FC-484C-AF00-BBCE9A5DC263}.Debug|Any CPU.ActiveCfg = Debug|Any CPU
		{A920CA57-95FC-484C-AF00-BBCE9A5DC263}.Debug|Any CPU.Build.0 = Debug|Any CPU
		{A920CA57-95FC-484C-AF00-BBCE9A5DC263}.Release|Any CPU.ActiveCfg = Release|Any CPU
		{A920CA57-95FC-484C-AF00-BBCE9A5DC263}.Release|Any CPU.Build.0 = Release|Any CPU
		{4AC90F33-8EF0-4F20-A72C-DE6984238F43}.Debug|Any CPU.ActiveCfg = Debug|Any CPU
		{4AC90F33-8EF0-4F20-A72C-DE6984238F43}.Debug|Any CPU.Build.0 = Debug|Any CPU
		{4AC90F33-8EF0-4F20-A72C-DE6984238F43}.Release|Any CPU.ActiveCfg = Release|Any CPU
		{4AC90F33-8EF0-4F20-A72C-DE6984238F43}.Release|Any CPU.Build.0 = Release|Any CPU
		{AF84E2B8-1DC2-4CE9-A519-D8842310D79A}.Debug|Any CPU.ActiveCfg = Debug|Any CPU
		{AF84E2B8-1DC2-4CE9-A519-D8842310D79A}.Debug|Any CPU.Build.0 = Debug|Any CPU
		{AF84E2B8-1DC2-4CE9-A519-D8842310D79A}.Release|Any CPU.ActiveCfg = Release|Any CPU
		{AF84E2B8-1DC2-4CE9-A519-D8842310D79A}.Release|Any CPU.Build.0 = Release|Any CPU
		{C4344129-93A5-4703-9E37-8E46A2802898}.Debug|Any CPU.ActiveCfg = Debug|Any CPU
		{C4344129-93A5-4703-9E37-8E46A2802898}.Debug|Any CPU.Build.0 = Debug|Any CPU
		{C4344129-93A5-4703-9E37-8E46A2802898}.Release|Any CPU.ActiveCfg = Release|Any CPU
		{C4344129-93A5-4703-9E37-8E46A2802898}.Release|Any CPU.Build.0 = Release|Any CPU
		{A5E93964-EEFC-4C8E-90C5-0484871789AA}.Debug|Any CPU.ActiveCfg = Debug|Any CPU
		{A5E93964-EEFC-4C8E-90C5-0484871789AA}.Debug|Any CPU.Build.0 = Debug|Any CPU
		{A5E93964-EEFC-4C8E-90C5-0484871789AA}.Release|Any CPU.ActiveCfg = Release|Any CPU
		{A5E93964-EEFC-4C8E-90C5-0484871789AA}.Release|Any CPU.Build.0 = Release|Any CPU
		{697E26CB-9CE5-44FF-B418-F605BE7E6CA7}.Debug|Any CPU.ActiveCfg = Debug|Any CPU
		{697E26CB-9CE5-44FF-B418-F605BE7E6CA7}.Debug|Any CPU.Build.0 = Debug|Any CPU
		{697E26CB-9CE5-44FF-B418-F605BE7E6CA7}.Release|Any CPU.ActiveCfg = Release|Any CPU
		{697E26CB-9CE5-44FF-B418-F605BE7E6CA7}.Release|Any CPU.Build.0 = Release|Any CPU
		{478DBF78-E2C6-42D4-93DA-FFF4A3EFECB3}.Debug|Any CPU.ActiveCfg = Debug|Any CPU
		{478DBF78-E2C6-42D4-93DA-FFF4A3EFECB3}.Debug|Any CPU.Build.0 = Debug|Any CPU
		{478DBF78-E2C6-42D4-93DA-FFF4A3EFECB3}.Release|Any CPU.ActiveCfg = Release|Any CPU
		{478DBF78-E2C6-42D4-93DA-FFF4A3EFECB3}.Release|Any CPU.Build.0 = Release|Any CPU
		{E9B3B711-16E2-412A-943B-29BBED4D2E42}.Debug|Any CPU.ActiveCfg = Debug|Any CPU
		{E9B3B711-16E2-412A-943B-29BBED4D2E42}.Debug|Any CPU.Build.0 = Debug|Any CPU
		{E9B3B711-16E2-412A-943B-29BBED4D2E42}.Release|Any CPU.ActiveCfg = Release|Any CPU
		{E9B3B711-16E2-412A-943B-29BBED4D2E42}.Release|Any CPU.Build.0 = Release|Any CPU
		{0CD68CFA-EFD1-45DA-9C11-C96AF3A2623C}.Debug|Any CPU.ActiveCfg = Debug|Any CPU
		{0CD68CFA-EFD1-45DA-9C11-C96AF3A2623C}.Debug|Any CPU.Build.0 = Debug|Any CPU
		{0CD68CFA-EFD1-45DA-9C11-C96AF3A2623C}.Release|Any CPU.ActiveCfg = Release|Any CPU
		{0CD68CFA-EFD1-45DA-9C11-C96AF3A2623C}.Release|Any CPU.Build.0 = Release|Any CPU
		{80A790E0-098A-44CE-90EC-83A365EEE78F}.Debug|Any CPU.ActiveCfg = Debug|Any CPU
		{80A790E0-098A-44CE-90EC-83A365EEE78F}.Debug|Any CPU.Build.0 = Debug|Any CPU
		{80A790E0-098A-44CE-90EC-83A365EEE78F}.Release|Any CPU.ActiveCfg = Release|Any CPU
		{80A790E0-098A-44CE-90EC-83A365EEE78F}.Release|Any CPU.Build.0 = Release|Any CPU
	EndGlobalSection
	GlobalSection(SolutionProperties) = preSolution
		HideSolutionNode = FALSE
	EndGlobalSection
	GlobalSection(NestedProjects) = preSolution
		{0A1C6A3C-B469-430C-A6DD-45F38E6C1D0E} = {F7957427-578F-4A9D-8931-7D50F606FA42}
		{A920CA57-95FC-484C-AF00-BBCE9A5DC263} = {0A1C6A3C-B469-430C-A6DD-45F38E6C1D0E}
		{5092ADDA-82EE-40BC-BBC7-E9E9ECA768C2} = {F7957427-578F-4A9D-8931-7D50F606FA42}
		{AF84E2B8-1DC2-4CE9-A519-D8842310D79A} = {5092ADDA-82EE-40BC-BBC7-E9E9ECA768C2}
		{BC772295-E05B-46B4-8BDE-D1FD52972894} = {F7957427-578F-4A9D-8931-7D50F606FA42}
		{C4344129-93A5-4703-9E37-8E46A2802898} = {BC772295-E05B-46B4-8BDE-D1FD52972894}
		{A5E93964-EEFC-4C8E-90C5-0484871789AA} = {BC772295-E05B-46B4-8BDE-D1FD52972894}
		{1CB02329-0626-4225-BC55-EDCBA11DECA7} = {F7957427-578F-4A9D-8931-7D50F606FA42}
		{697E26CB-9CE5-44FF-B418-F605BE7E6CA7} = {1CB02329-0626-4225-BC55-EDCBA11DECA7}
		{478DBF78-E2C6-42D4-93DA-FFF4A3EFECB3} = {1CB02329-0626-4225-BC55-EDCBA11DECA7}
		{E9B3B711-16E2-412A-943B-29BBED4D2E42} = {1CB02329-0626-4225-BC55-EDCBA11DECA7}
		{0CD68CFA-EFD1-45DA-9C11-C96AF3A2623C} = {1CB02329-0626-4225-BC55-EDCBA11DECA7}
		{80A790E0-098A-44CE-90EC-83A365EEE78F} = {599292C6-F51E-4556-A6EE-ADD08CDF6195}
	EndGlobalSection
	GlobalSection(ExtensibilityGlobals) = postSolution
		SolutionGuid = {8A21D185-E58B-483F-90C9-F6BDE1522F23}
	EndGlobalSection
EndGlobal
